
Microsoft Visual Studio Solution File, Format Version 12.00
# Visual Studio 15
VisualStudioVersion = 15.0.26730.12
MinimumVisualStudioVersion = 10.0.40219.1
Project("{FAE04EC0-301F-11D3-BF4B-00C04F79EFBC}") = "SocketTest.Client", "SocketTest.Client\SocketTest.Client.csproj", "{4E2049EF-C24C-429D-BFE6-505E461FA485}"
EndProject
Project("{FAE04EC0-301F-11D3-BF4B-00C04F79EFBC}") = "SocketTest.Server", "SocketTest.Server\SocketTest.Server.csproj", "{C1A10ABB-EAEB-489C-BCD3-BD4BD33034B3}"
EndProject
Project("{FAE04EC0-301F-11D3-BF4B-00C04F79EFBC}") = "SocketTest.Common", "SocketTest.Common\SocketTest.Common.csproj", "{33E12923-3EAD-4C82-B68F-F6F41E439D84}"
EndProject
Project("{FAE04EC0-301F-11D3-BF4B-00C04F79EFBC}") = "NRpc", "NRpc\NRpc.csproj", "{E7E7C3AE-2746-44FF-9884-9C32B6883B96}"
EndProject
Project("{FAE04EC0-301F-11D3-BF4B-00C04F79EFBC}") = "NRpc.Server", "NRpc.Server\NRpc.Server.csproj", "{2CFF4840-1EAC-47AC-87C5-C7E928C81893}"
EndProject
Project("{FAE04EC0-301F-11D3-BF4B-00C04F79EFBC}") = "NRpc.Client", "NRpc.Client\NRpc.Client.csproj", "{FB325F9F-3451-4DA1-9685-03D1379259A4}"
EndProject
Project("{FAE04EC0-301F-11D3-BF4B-00C04F79EFBC}") = "NRpc.TestCommon", "NRpc.TestCommon\NRpc.TestCommon.csproj", "{8826D75A-B03E-4505-8A4B-8BF0B58AEF76}"
EndProject
Global
	GlobalSection(SolutionConfigurationPlatforms) = preSolution
		Debug|Any CPU = Debug|Any CPU
		Release|Any CPU = Release|Any CPU
	EndGlobalSection
	GlobalSection(ProjectConfigurationPlatforms) = postSolution
		{4E2049EF-C24C-429D-BFE6-505E461FA485}.Debug|Any CPU.ActiveCfg = Debug|Any CPU
		{4E2049EF-C24C-429D-BFE6-505E461FA485}.Debug|Any CPU.Build.0 = Debug|Any CPU
		{4E2049EF-C24C-429D-BFE6-505E461FA485}.Release|Any CPU.ActiveCfg = Release|Any CPU
		{4E2049EF-C24C-429D-BFE6-505E461FA485}.Release|Any CPU.Build.0 = Release|Any CPU
		{C1A10ABB-EAEB-489C-BCD3-BD4BD33034B3}.Debug|Any CPU.ActiveCfg = Debug|Any CPU
		{C1A10ABB-EAEB-489C-BCD3-BD4BD33034B3}.Debug|Any CPU.Build.0 = Debug|Any CPU
		{C1A10ABB-EAEB-489C-BCD3-BD4BD33034B3}.Release|Any CPU.ActiveCfg = Release|Any CPU
		{C1A10ABB-EAEB-489C-BCD3-BD4BD33034B3}.Release|Any CPU.Build.0 = Release|Any CPU
		{33E12923-3EAD-4C82-B68F-F6F41E439D84}.Debug|Any CPU.ActiveCfg = Debug|Any CPU
		{33E12923-3EAD-4C82-B68F-F6F41E439D84}.Debug|Any CPU.Build.0 = Debug|Any CPU
		{33E12923-3EAD-4C82-B68F-F6F41E439D84}.Release|Any CPU.ActiveCfg = Release|Any CPU
		{33E12923-3EAD-4C82-B68F-F6F41E439D84}.Release|Any CPU.Build.0 = Release|Any CPU
		{E7E7C3AE-2746-44FF-9884-9C32B6883B96}.Debug|Any CPU.ActiveCfg = Debug|Any CPU
		{E7E7C3AE-2746-44FF-9884-9C32B6883B96}.Debug|Any CPU.Build.0 = Debug|Any CPU
		{E7E7C3AE-2746-44FF-9884-9C32B6883B96}.Release|Any CPU.ActiveCfg = Release|Any CPU
		{E7E7C3AE-2746-44FF-9884-9C32B6883B96}.Release|Any CPU.Build.0 = Release|Any CPU
		{2CFF4840-1EAC-47AC-87C5-C7E928C81893}.Debug|Any CPU.ActiveCfg = Debug|Any CPU
		{2CFF4840-1EAC-47AC-87C5-C7E928C81893}.Debug|Any CPU.Build.0 = Debug|Any CPU
		{2CFF4840-1EAC-47AC-87C5-C7E928C81893}.Release|Any CPU.ActiveCfg = Release|Any CPU
		{2CFF4840-1EAC-47AC-87C5-C7E928C81893}.Release|Any CPU.Build.0 = Release|Any CPU
		{FB325F9F-3451-4DA1-9685-03D1379259A4}.Debug|Any CPU.ActiveCfg = Debug|Any CPU
		{FB325F9F-3451-4DA1-9685-03D1379259A4}.Debug|Any CPU.Build.0 = Debug|Any CPU
		{FB325F9F-3451-4DA1-9685-03D1379259A4}.Release|Any CPU.ActiveCfg = Release|Any CPU
		{FB325F9F-3451-4DA1-9685-03D1379259A4}.Release|Any CPU.Build.0 = Release|Any CPU
		{8826D75A-B03E-4505-8A4B-8BF0B58AEF76}.Debug|Any CPU.ActiveCfg = Debug|Any CPU
		{8826D75A-B03E-4505-8A4B-8BF0B58AEF76}.Debug|Any CPU.Build.0 = Debug|Any CPU
		{8826D75A-B03E-4505-8A4B-8BF0B58AEF76}.Release|Any CPU.ActiveCfg = Release|Any CPU
		{8826D75A-B03E-4505-8A4B-8BF0B58AEF76}.Release|Any CPU.Build.0 = Release|Any CPU
	EndGlobalSection
	GlobalSection(SolutionProperties) = preSolution
		HideSolutionNode = FALSE
	EndGlobalSection
	GlobalSection(ExtensibilityGlobals) = postSolution
		SolutionGuid = {9D8FEBFD-D0FA-4BF9-8346-CFA19734777B}
	EndGlobalSection
EndGlobal
